Microsoft Visual Studio Solution File, Format Version 12.00
# Visual Studio Version 17
VisualStudioVersion = 17.5.2.0
MinimumVisualStudioVersion = 10.0.40219.1
Project("{FAE04EC0-301F-11D3-BF4B-00C04F79EFBC}") = "AWSService", "AWSService.csproj", "{220ED906-F130-E6BE-C11A-136B3344F0E1}"
EndProject
Global
	GlobalSection(SolutionConfigurationPlatforms) = preSolution
		Debug|Any CPU = Debug|Any CPU
		Release|Any CPU = Release|Any CPU
	EndGlobalSection
	GlobalSection(ProjectConfigurationPlatforms) = postSolution
		{220ED906-F130-E6BE-C11A-136B3344F0E1}.Debug|Any CPU.ActiveCfg = Debug|Any CPU
		{220ED906-F130-E6BE-C11A-136B3344F0E1}.Debug|Any CPU.Build.0 = Debug|Any CPU
		{220ED906-F130-E6BE-C11A-136B3344F0E1}.Release|Any CPU.ActiveCfg = Release|Any CPU
		{220ED906-F130-E6BE-C11A-136B3344F0E1}.Release|Any CPU.Build.0 = Release|Any CPU
	EndGlobalSection
	GlobalSection(SolutionProperties) = preSolution
		HideSolutionNode = FALSE
	EndGlobalSection
	GlobalSection(ExtensibilityGlobals) = postSolution
		SolutionGuid = {9AB1E65C-486E-4894-85BB-39A10DCA29BF}
	EndGlobalSection
EndGlobal
